Dictionary missing value for key "MTL_ENABLE_DEBUG"
```

Le fichier s'arrête à la ligne 448, il manque la fin !

## ✅ SOLUTION : Copier depuis l'artifact directement

**Scrollez en haut de notre conversation** et cherchez l'artifact que je viens de créer : **"project.pbxproj COMPLET (à copier entièrement)"**

Il contient le fichier COMPLET avec la fin manquante.

---

## 🎯 OU je vous donne la FIN manquante :

Ajoutez ceci **À LA FIN** de votre fichier `project.pbxproj` actuel :
```
_INFO = NO;
				OTHER_CPLUSPLUSFLAGS = (
					"$(OTHER_CFLAGS)",
					"-DFOLLY_NO_CONFIG",
					"-DFOLLY_MOBILE=1",
					"-DFOLLY_USE_LIBCPP=1",
				);
				SDKROOT = iphoneos;
				VALIDATE_PRODUCT = YES;
			};
			name = Release;
		};
/* End XCBuildConfiguration section */

/* Begin XCConfigurationList section */
		13B07F931A680F5B00A75B9A /* Build configuration list for PBXNativeTarget "CarPlayTube" */ = {
			isa = XCConfigurationList;
			buildConfigurations = (
				13B07F941A680F5B00A75B9A /* Debug */,
				13B07F951A680F5B00A75B9A /* Release */,
			);
			defaultConfigurationIsVisible = 0;
			defaultConfigurationName = Release;
		};
		83CBB9FA1A601CBA00E9B192 /* Build configuration list for PBXProject "CarPlayTube" */ = {
			isa = XCConfigurationList;
			buildConfigurations = (
				83CBBA201A601CBA00E9B192 /* Debug */,
				83CBBA211A601CBA00E9B192 /* Release */,
			);
			defaultConfigurationIsVisible = 0;
			defaultConfigurationName = Release;
		};
/* End XCConfigurationList section */
	};
	rootObject = 83CBB9F71A601CBA00E9B192 /* Project object */;
}
```

---

## 🔍 Le problème :

Votre fichier actuel se termine par :
```
MTL_ENABLE_DEBUG
```

Il devrait se terminer par :
```
}
